{
  "R": {
    "Version": "4.1.3",
    "Repositories": [
      {
        "Name": "CRAN",
        "URL": "https://cran.rstudio.com"
      }
    ]
  },
  "Packages": {
    "complyr": {
      "Package": "complyr",
      "Version": "0.0.0.9000",
      "Source": "GitHub",
      "RemoteType": "github",
      "RemoteHost": "api.github.com",
      "RemoteRepo": "complyr",
      "RemoteUsername": "ge-li",
      "RemoteRef": "HEAD",
      "RemoteSha": "279afd47e2e241646b66b228377c8f2215b10297",
      "Hash": "4e25186299d6cf3e602669e28fdc95a0",
      "Requirements": [
        "evd",
        "magrittr",
        "sandwich",
        "upim"
      ]
    },
    "evd": {
      "Package": "evd",
      "Version": "2.3-4",
      "Source": "Repository",
      "Repository": "CRAN",
      "Hash": "c3bfc6139a98e3f33b35c990030cda68",
      "Requirements": []
    },
    "lattice": {
      "Package": "lattice",
      "Version": "0.20-45",
      "Source": "Repository",
      "Repository": "CRAN",
      "Hash": "b64cdbb2b340437c4ee047a1f4c4377b",
      "Requirements": []
    },
    "magrittr": {
      "Package": "magrittr",
      "Version": "2.0.3",
      "Source": "Repository",
      "Repository": "CRAN",
      "Hash": "7ce2733a9826b3aeb1775d56fd305472",
      "Requirements": []
    },
    "nleqslv": {
      "Package": "nleqslv",
      "Version": "3.3.2",
      "Source": "Repository",
      "Repository": "CRAN",
      "Hash": "bd00b0d9f6e1aa1462a89eb05d992b38",
      "Requirements": []
    },
    "renv": {
      "Package": "renv",
      "Version": "0.15.4",
      "Source": "Repository",
      "Repository": "CRAN",
      "Hash": "c1078316e1d4f70275fc1ea60c0bc431",
      "Requirements": []
    },
    "sandwich": {
      "Package": "sandwich",
      "Version": "3.0-1",
      "Source": "Repository",
      "Repository": "CRAN",
      "Hash": "b79279ca91d53a98de8144852b67a1d0",
      "Requirements": [
        "zoo"
      ]
    },
    "upim": {
      "Package": "upim",
      "Version": "0.0.0.9000",
      "Source": "GitHub",
      "RemoteType": "github",
      "RemoteHost": "api.github.com",
      "RemoteRepo": "upim",
      "RemoteUsername": "ge-li",
      "RemoteRef": "HEAD",
      "RemoteSha": "f5484a970eb71dcbfd2277098c6c802a0529a040",
      "Hash": "ab9b4d60a3a42d3e41a2ebf0c3005f79",
      "Requirements": [
        "nleqslv"
      ]
    },
    "zoo": {
      "Package": "zoo",
      "Version": "1.8-9",
      "Source": "Repository",
      "Repository": "CRAN",
      "Hash": "035d1c7c12593038c26fb1c2fd40c4d2",
      "Requirements": [
        "lattice"
      ]
    }
  }
}
